{
  "name": "Masarify",
  "lockfileVersion": 3,
  "requires": true,
  "packages": {
    "": {
      "dependencies": {
        "@cashapp/sqldelight-sqljs-worker": "^2.1.0",
        "path-browserify": "^1.0.1"
      }
    },
    "node_modules/@cashapp/sqldelight-sqljs-worker": {
      "version": "2.1.0",
      "resolved": "https://registry.npmjs.org/@cashapp/sqldelight-sqljs-worker/-/sqldelight-sqljs-worker-2.1.0.tgz",
      "integrity": "sha512-odvBljb1rUOCk3UUZgjdiAChEohYI4Fy6Tj3NUy3l6u3WV/we+tjDTJ/kC25CJKD4pv0ZlH5AL1sKsZ5clKCew==",
      "license": "Apache-2.0",
      "peerDependencies": {
        "sql.js": "^1.8.0"
      }
    },
    "node_modules/path-browserify": {
      "version": "1.0.1",
      "resolved": "https://registry.npmjs.org/path-browserify/-/path-browserify-1.0.1.tgz",
      "integrity": "sha512-b7uo2UCUOYZcnF/3ID0lulOJi/bafxa1xPe7ZPsammBSpjSWQkjNxlt635YGS2MiR9GjvuXCtz2emr3jbsz98g==",
      "license": "MIT"
    },
    "node_modules/sql.js": {
      "version": "1.13.0",
      "resolved": "https://registry.npmjs.org/sql.js/-/sql.js-1.13.0.tgz",
      "integrity": "sha512-RJbVP1HRDlUUXahJ7VMTcu9Rm1Nzw+EBpoPr94vnbD4LwR715F3CcxE2G2k45PewcaZ57pjetYa+LoSJLAASgA==",
      "license": "MIT",
      "peer": true
    }
  }
}
